
Microsoft Visual Studio Solution File, Format Version 12.00
# Visual Studio 14
VisualStudioVersion = 14.0.25420.1
MinimumVisualStudioVersion = 10.0.40219.1
Project("{2150E333-8FDC-42A3-9474-1A3956D46DE8}") = "src", "src", "{958F0034-B279-4E7A-BAE0-4218530AFF98}"
EndProject
Project("{2150E333-8FDC-42A3-9474-1A3956D46DE8}") = "Solution Items", "Solution Items", "{678D840C-6F96-42FC-A19A-374ACD3CAE24}"
	ProjectSection(SolutionItems) = preProject
		global.json = global.json
	EndProjectSection
EndProject
Project("{8BB2217D-0F2D-49D1-97BC-3654ED321F3B}") = "Vaultix", "src\Vaultix\Vaultix.xproj", "{3FF653B9-3E20-4722-B4C8-E0549C1305D6}"
EndProject
Global
	GlobalSection(SolutionConfigurationPlatforms) = preSolution
		Debug|Any CPU = Debug|Any CPU
		Release|Any CPU = Release|Any CPU
	EndGlobalSection
	GlobalSection(ProjectConfigurationPlatforms) = postSolution
		{3FF653B9-3E20-4722-B4C8-E0549C1305D6}.Debug|Any CPU.ActiveCfg = Debug|Any CPU
		{3FF653B9-3E20-4722-B4C8-E0549C1305D6}.Debug|Any CPU.Build.0 = Debug|Any CPU
		{3FF653B9-3E20-4722-B4C8-E0549C1305D6}.Release|Any CPU.ActiveCfg = Release|Any CPU
		{3FF653B9-3E20-4722-B4C8-E0549C1305D6}.Release|Any CPU.Build.0 = Release|Any CPU
	EndGlobalSection
	GlobalSection(SolutionProperties) = preSolution
		HideSolutionNode = FALSE
	EndGlobalSection
	GlobalSection(NestedProjects) = preSolution
		{3FF653B9-3E20-4722-B4C8-E0549C1305D6} = {958F0034-B279-4E7A-BAE0-4218530AFF98}
	EndGlobalSection
EndGlobal
